Microsoft Visual Studio Solution File, Format Version 12.00
# Visual Studio Version 17
VisualStudioVersion = 17.5.2.0
MinimumVisualStudioVersion = 10.0.40219.1
Project("{2150E333-8FDC-42A3-9474-1A3956D46DE8}") = "frontend", "frontend", "{CE609670-85B9-0D16-FB54-ED063D5D8A6D}"
EndProject
Project("{FAE04EC0-301F-11D3-BF4B-00C04F79EFBC}") = "PsychBotApp", "frontend\PsychBotApp\PsychBotApp.csproj", "{8EC656C3-5680-EDB6-EFF1-B5D6A2873E13}"
EndProject
Global
	GlobalSection(SolutionConfigurationPlatforms) = preSolution
		Debug|Any CPU = Debug|Any CPU
		Release|Any CPU = Release|Any CPU
	EndGlobalSection
	GlobalSection(ProjectConfigurationPlatforms) = postSolution
		{8EC656C3-5680-EDB6-EFF1-B5D6A2873E13}.Debug|Any CPU.ActiveCfg = Debug|Any CPU
		{8EC656C3-5680-EDB6-EFF1-B5D6A2873E13}.Debug|Any CPU.Build.0 = Debug|Any CPU
		{8EC656C3-5680-EDB6-EFF1-B5D6A2873E13}.Release|Any CPU.ActiveCfg = Release|Any CPU
		{8EC656C3-5680-EDB6-EFF1-B5D6A2873E13}.Release|Any CPU.Build.0 = Release|Any CPU
	EndGlobalSection
	GlobalSection(SolutionProperties) = preSolution
		HideSolutionNode = FALSE
	EndGlobalSection
	GlobalSection(NestedProjects) = preSolution
		{8EC656C3-5680-EDB6-EFF1-B5D6A2873E13} = {CE609670-85B9-0D16-FB54-ED063D5D8A6D}
	EndGlobalSection
	GlobalSection(ExtensibilityGlobals) = postSolution
		SolutionGuid = {A583C28B-1459-4924-BB96-C330C447CD44}
	EndGlobalSection
EndGlobal
